// !$*UTF8*$!
{
	archiveVersion = 1;
	classes = {
	};
	objectVersion = 48;
	objects = {

/* Begin PBXBuildFile section */
		AE0103C2203F64B700AB26AF /* Raleway-Regular.ttf in Resources */ = {isa = PBXBuildFile; fileRef = AE0103C1203F64B700AB26AF /* Raleway-Regular.ttf */; };
		AE9198FB2022C33100642B29 /* AppDelegate.swift in Sources */ = {isa = PBXBuildFile; fileRef = AE9198FA2022C33100642B29 /* AppDelegate.swift */; };
		AE9199002022C33100642B29 /* Main.storyboard in Resources */ = {isa = PBXBuildFile; fileRef = AE9198FE2022C33100642B29 /* Main.storyboard */; };
		AE9199022022C33100642B29 /* Assets.xcassets in Resources */ = {isa = PBXBuildFile; fileRef = AE9199012022C33100642B29 /* Assets.xcassets */; };
		AE9199052022C33100642B29 /* LaunchScreen.storyboard in Resources */ = {isa = PBXBuildFile; fileRef = AE9199032022C33100642B29 /* LaunchScreen.storyboard */; };
		AE9199102022C33100642B29 /* MilestonesTests.swift in Sources */ = {isa = PBXBuildFile; fileRef = AE91990F2022C33100642B29 /* MilestonesTests.swift */; };
		AE91991B2022C33100642B29 /* MilestonesUITests.swift in Sources */ = {isa = PBXBuildFile; fileRef = AE91991A2022C33100642B29 /* MilestonesUITests.swift */; };
		AE9FC8912022CB5D008BA99B /* LoginViewController.swift in Sources */ = {isa = PBXBuildFile; fileRef = AE9FC8902022CB5D008BA99B /* LoginViewController.swift */; };
		AEBAF348202AC9680032D7AC /* UIColor.swift in Sources */ = {isa = PBXBuildFile; fileRef = AEBAF347202AC9680032D7AC /* UIColor.swift */; };
		AEBAF34A202BF6080032D7AC /* Keys.swift in Sources */ = {isa = PBXBuildFile; fileRef = AEBAF349202BF6080032D7AC /* Keys.swift */; };
		AEBAF34F202D32C80032D7AC /* MilestonesViewController.swift in Sources */ = {isa = PBXBuildFile; fileRef = AEBAF34E202D32C70032D7AC /* MilestonesViewController.swift */; };
		AEE88DEE2041D3C50016D201 /* SlackUser.swift in Sources */ = {isa = PBXBuildFile; fileRef = AEE88DED2041D3C50016D201 /* SlackUser.swift */; };
		C52230A7DF738D073AA4EDA8 /* Pods_Milestones.framework in Frameworks */ = {isa = PBXBuildFile; fileRef = 49D7E9DD549029D2614FF6FA /* Pods_Milestones.framework */; };
/* End PBXBuildFile section */

/* Begin PBXContainerItemProxy section */
		AE91990C2022C33100642B29 /* PBXContainerItemProxy */ = {
			isa = PBXContainerItemProxy;
			containerPortal = AE9198EF2022C33100642B29 /* Project object */;
			proxyType = 1;
			remoteGlobalIDString = AE9198F62022C33100642B29;
			remoteInfo = Milestones;
		};
		AE9199172022C33100642B29 /* PBXContainerItemProxy */ = {
			isa = PBXContainerItemProxy;
			containerPortal = AE9198EF2022C33100642B29 /* Project object */;
			proxyType = 1;
			remoteGlobalIDString = AE9198F62022C33100642B29;
			remoteInfo = Milestones;
		};
/* End PBXContainerItemProxy section */

/* Begin PBXFileReference section */
		05508104462B3D992CA39B07 /* Pods-Milestones.release.xcconfig */ = {isa = PBXFileReference; includeInIndex = 1; lastKnownFileType = text.xcconfig; name = "Pods-Milestones.release.xcconfig"; path = "Pods/Target Support Files/Pods-Milestones/Pods-Milestones.release.xcconfig"; sourceTree = "<group>"; };
		3CACEB562ACD55484FC311E8 /* Pods-Milestones.debug.xcconfig */ = {isa = PBXFileReference; includeInIndex = 1; lastKnownFileType = text.xcconfig; name = "Pods-Milestones.debug.xcconfig"; path = "Pods/Target Support Files/Pods-Milestones/Pods-Milestones.debug.xcconfig"; sourceTree = "<group>"; };
		49D7E9DD549029D2614FF6FA /* Pods_Milestones.framework */ = {isa = PBXFileReference; explicitFileType = wrapper.framework; includeInIndex = 0; path = Pods_Milestones.framework; sourceTree = BUILT_PRODUCTS_DIR; };
		AE0103C1203F64B700AB26AF /* Raleway-Regular.ttf */ = {isa = PBXFileReference; lastKnownFileType = file; path = "Raleway-Regular.ttf"; sourceTree = "<group>"; };
		AE9198F72022C33100642B29 /* Milestones.app */ = {isa = PBXFileReference; explicitFileType = wrapper.application; includeInIndex = 0; path = Milestones.app; sourceTree = BUILT_PRODUCTS_DIR; };
		AE9198FA2022C33100642B29 /* AppDelegate.swift */ = {isa = PBXFileReference; lastKnownFileType = sourcecode.swift; path = AppDelegate.swift; sourceTree = "<group>"; };
		AE9198FF2022C33100642B29 /* Base */ = {isa = PBXFileReference; lastKnownFileType = file.storyboard; name = Base; path = Base.lproj/Main.storyboard; sourceTree = "<group>"; };
		AE9199012022C33100642B29 /* Assets.xcassets */ = {isa = PBXFileReference; lastKnownFileType = folder.assetcatalog; path = Assets.xcassets; sourceTree = "<group>"; };
		AE9199042022C33100642B29 /* Base */ = {isa = PBXFileReference; lastKnownFileType = file.storyboard; name = Base; path = Base.lproj/LaunchScreen.storyboard; sourceTree = "<group>"; };
		AE9199062022C33100642B29 /* Info.plist */ = {isa = PBXFileReference; lastKnownFileType = text.plist.xml; path = Info.plist; sourceTree = "<group>"; };
		AE91990B2022C33100642B29 /* MilestonesTests.xctest */ = {isa = PBXFileReference; explicitFileType = wrapper.cfbundle; includeInIndex = 0; path = MilestonesTests.xctest; sourceTree = BUILT_PRODUCTS_DIR; };
		AE91990F2022C33100642B29 /* MilestonesTests.swift */ = {isa = PBXFileReference; lastKnownFileType = sourcecode.swift; path = MilestonesTests.swift; sourceTree = "<group>"; };
		AE9199112022C33100642B29 /* Info.plist */ = {isa = PBXFileReference; lastKnownFileType = text.plist.xml; path = Info.plist; sourceTree = "<group>"; };
		AE9199162022C33100642B29 /* MilestonesUITests.xctest */ = {isa = PBXFileReference; explicitFileType = wrapper.cfbundle; includeInIndex = 0; path = MilestonesUITests.xctest; sourceTree = BUILT_PRODUCTS_DIR; };
		AE91991A2022C33100642B29 /* MilestonesUITests.swift */ = {isa = PBXFileReference; lastKnownFileType = sourcecode.swift; path = MilestonesUITests.swift; sourceTree = "<group>"; };
		AE91991C2022C33100642B29 /* Info.plist */ = {isa = PBXFileReference; lastKnownFileType = text.plist.xml; path = Info.plist; sourceTree = "<group>"; };
		AE9FC8902022CB5D008BA99B /* LoginViewController.swift */ = {isa = PBXFileReference; lastKnownFileType = sourcecode.swift; path = LoginViewController.swift; sourceTree = "<group>"; };
		AEBAF347202AC9680032D7AC /* UIColor.swift */ = {isa = PBXFileReference; lastKnownFileType = sourcecode.swift; path = UIColor.swift; sourceTree = "<group>"; };
		AEBAF349202BF6080032D7AC /* Keys.swift */ = {isa = PBXFileReference; lastKnownFileType = sourcecode.swift; path = Keys.swift; sourceTree = "<group>"; };
		AEBAF34E202D32C70032D7AC /* MilestonesViewController.swift */ = {isa = PBXFileReference; lastKnownFileType = sourcecode.swift; path = MilestonesViewController.swift; sourceTree = "<group>"; };
		AEE88DED2041D3C50016D201 /* SlackUser.swift */ = {isa = PBXFileReference; lastKnownFileType = sourcecode.swift; path = SlackUser.swift; sourceTree = "<group>"; };
/* End PBXFileReference section */

/* Begin PBXFrameworksBuildPhase section */
		AE9198F42022C33100642B29 /* Frameworks */ = {
			isa = PBXFrameworksBuildPhase;
			buildActionMask = 2147483647;
			files = (
				C52230A7DF738D073AA4EDA8 /* Pods_Milestones.framework in Frameworks */,
			);
			runOnlyForDeploymentPostprocessing = 0;
		};
		AE9199082022C33100642B29 /* Frameworks */ = {
			isa = PBXFrameworksBuildPhase;
			buildActionMask = 2147483647;
			files = (
			);
			runOnlyForDeploymentPostprocessing = 0;
		};
		AE9199132022C33100642B29 /* Frameworks */ = {
			isa = PBXFrameworksBuildPhase;
			buildActionMask = 2147483647;
			files = (
			);
			runOnlyForDeploymentPostprocessing = 0;
		};
/* End PBXFrameworksBuildPhase section */

/* Begin PBXGroup section */
		4C3360F71ADF6F518FC034E8 /* Frameworks */ = {
			isa = PBXGroup;
			children = (
				49D7E9DD549029D2614FF6FA /* Pods_Milestones.framework */,
			);
			name = Frameworks;
			sourceTree = "<group>";
		};
		9ED3A3DDD5C4D52D0116FB98 /* Pods */ = {
			isa = PBXGroup;
			children = (
				3CACEB562ACD55484FC311E8 /* Pods-Milestones.debug.xcconfig */,
				05508104462B3D992CA39B07 /* Pods-Milestones.release.xcconfig */,
			);
			name = Pods;
			sourceTree = "<group>";
		};
		AE0103C0203F649100AB26AF /* Resources */ = {
			isa = PBXGroup;
			children = (
				AE0103C1203F64B700AB26AF /* Raleway-Regular.ttf */,
			);
			path = Resources;
			sourceTree = "<group>";
		};
		AE9198EE2022C33100642B29 = {
			isa = PBXGroup;
			children = (
				AE0103C0203F649100AB26AF /* Resources */,
				AE9198F92022C33100642B29 /* Milestones */,
				AE91990E2022C33100642B29 /* MilestonesTests */,
				AE9199192022C33100642B29 /* MilestonesUITests */,
				AE9198F82022C33100642B29 /* Products */,
				9ED3A3DDD5C4D52D0116FB98 /* Pods */,
				4C3360F71ADF6F518FC034E8 /* Frameworks */,
			);
			sourceTree = "<group>";
		};
		AE9198F82022C33100642B29 /* Products */ = {
			isa = PBXGroup;
			children = (
				AE9198F72022C33100642B29 /* Milestones.app */,
				AE91990B2022C33100642B29 /* MilestonesTests.xctest */,
				AE9199162022C33100642B29 /* MilestonesUITests.xctest */,
			);
			name = Products;
			sourceTree = "<group>";
		};
		AE9198F92022C33100642B29 /* Milestones */ = {
			isa = PBXGroup;
			children = (
				AE9198FA2022C33100642B29 /* AppDelegate.swift */,
				AE9FC8902022CB5D008BA99B /* LoginViewController.swift */,
				AE9198FE2022C33100642B29 /* Main.storyboard */,
				AE9199012022C33100642B29 /* Assets.xcassets */,
				AE9199032022C33100642B29 /* LaunchScreen.storyboard */,
				AE9199062022C33100642B29 /* Info.plist */,
				AEBAF347202AC9680032D7AC /* UIColor.swift */,
				AEBAF349202BF6080032D7AC /* Keys.swift */,
				AEBAF34E202D32C70032D7AC /* MilestonesViewController.swift */,
				AEE88DED2041D3C50016D201 /* SlackUser.swift */,
			);
			path = Milestones;
			sourceTree = "<group>";
		};
		AE91990E2022C33100642B29 /* MilestonesTests */ = {
			isa = PBXGroup;
			children = (
				AE91990F2022C33100642B29 /* MilestonesTests.swift */,
				AE9199112022C33100642B29 /* Info.plist */,
			);
			path = MilestonesTests;
			sourceTree = "<group>";
		};
		AE9199192022C33100642B29 /* MilestonesUITests */ = {
			isa = PBXGroup;
			children = (
				AE91991A2022C33100642B29 /* MilestonesUITests.swift */,
				AE91991C2022C33100642B29 /* Info.plist */,
			);
			path = MilestonesUITests;
			sourceTree = "<group>";
		};
/* End PBXGroup section */

/* Begin PBXNativeTarget section */
		AE9198F62022C33100642B29 /* Milestones */ = {
			isa = PBXNativeTarget;
			buildConfigurationList = AE91991F2022C33100642B29 /* Build configuration list for PBXNativeTarget "Milestones" */;
			buildPhases = (
				D820ECE8F4BE88810DB9C3AE /* [CP] Check Pods Manifest.lock */,
				AE9198F32022C33100642B29 /* Sources */,
				AE9198F42022C33100642B29 /* Frameworks */,
				AE9198F52022C33100642B29 /* Resources */,
				91BE957B5D478F24F2FB4ACD /* [CP] Embed Pods Frameworks */,
				2725D7A866D64E5777E743A1 /* [CP] Copy Pods Resources */,
			);
			buildRules = (
			);
			dependencies = (
			);
			name = Milestones;
			productName = Milestones;
			productReference = AE9198F72022C33100642B29 /* Milestones.app */;
			productType = "com.apple.product-type.application";
		};
		AE91990A2022C33100642B29 /* MilestonesTests */ = {
			isa = PBXNativeTarget;
			buildConfigurationList = AE9199222022C33100642B29 /* Build configuration list for PBXNativeTarget "MilestonesTests" */;
			buildPhases = (
				AE9199072022C33100642B29 /* Sources */,
				AE9199082022C33100642B29 /* Frameworks */,
				AE9199092022C33100642B29 /* Resources */,
			);
			buildRules = (
			);
			dependencies = (
				AE91990D2022C33100642B29 /* PBXTargetDependency */,
			);
			name = MilestonesTests;
			productName = MilestonesTests;
			productReference = AE91990B2022C33100642B29 /* MilestonesTests.xctest */;
			productType = "com.apple.product-type.bundle.unit-test";
		};
		AE9199152022C33100642B29 /* MilestonesUITests */ = {
			isa = PBXNativeTarget;
			buildConfigurationList = AE9199252022C33100642B29 /* Build configuration list for PBXNativeTarget "MilestonesUITests" */;
			buildPhases = (
				AE9199122022C33100642B29 /* Sources */,
				AE9199132022C33100642B29 /* Frameworks */,
				AE9199142022C33100642B29 /* Resources */,
			);
			buildRules = (
			);
			dependencies = (
				AE9199182022C33100642B29 /* PBXTargetDependency */,
			);
			name = MilestonesUITests;
			productName = MilestonesUITests;
			productReference = AE9199162022C33100642B29 /* MilestonesUITests.xctest */;
			productType = "com.apple.product-type.bundle.ui-testing";
		};
/* End PBXNativeTarget section */

/* Begin PBXProject section */
		AE9198EF2022C33100642B29 /* Project object */ = {
			isa = PBXProject;
			attributes = {
				LastSwiftUpdateCheck = 0920;
				LastUpgradeCheck = 0920;
				ORGANIZATIONNAME = "Heather Mason";
				TargetAttributes = {
					AE9198F62022C33100642B29 = {
						CreatedOnToolsVersion = 9.2;
						LastSwiftMigration = 0920;
						ProvisioningStyle = Automatic;
					};
					AE91990A2022C33100642B29 = {
						CreatedOnToolsVersion = 9.2;
						ProvisioningStyle = Automatic;
						TestTargetID = AE9198F62022C33100642B29;
					};
					AE9199152022C33100642B29 = {
						CreatedOnToolsVersion = 9.2;
						ProvisioningStyle = Automatic;
						TestTargetID = AE9198F62022C33100642B29;
					};
				};
			};
			buildConfigurationList = AE9198F22022C33100642B29 /* Build configuration list for PBXProject "Milestones" */;
			compatibilityVersion = "Xcode 8.0";
			developmentRegion = en;
			hasScannedForEncodings = 0;
			knownRegions = (
				en,
				Base,
			);
			mainGroup = AE9198EE2022C33100642B29;
			productRefGroup = AE9198F82022C33100642B29 /* Products */;
			projectDirPath = "";
			projectRoot = "";
			targets = (
				AE9198F62022C33100642B29 /* Milestones */,
				AE91990A2022C33100642B29 /* MilestonesTests */,
				AE9199152022C33100642B29 /* MilestonesUITests */,
			);
		};
/* End PBXProject section */

/* Begin PBXResourcesBuildPhase section */
		AE9198F52022C33100642B29 /* Resources */ = {
			isa = PBXResourcesBuildPhase;
			buildActionMask = 2147483647;
			files = (
				AE0103C2203F64B700AB26AF /* Raleway-Regular.ttf in Resources */,
				AE9199052022C33100642B29 /* LaunchScreen.storyboard in Resources */,
				AE9199022022C33100642B29 /* Assets.xcassets in Resources */,
				AE9199002022C33100642B29 /* Main.storyboard in Resources */,
			);
			runOnlyForDeploymentPostprocessing = 0;
		};
		AE9199092022C33100642B29 /* Resources */ = {
			isa = PBXResourcesBuildPhase;
			buildActionMask = 2147483647;
			files = (
			);
			runOnlyForDeploymentPostprocessing = 0;
		};
		AE9199142022C33100642B29 /* Resources */ = {
			isa = PBXResourcesBuildPhase;
			buildActionMask = 2147483647;
			files = (
			);
			runOnlyForDeploymentPostprocessing = 0;
		};
/* End PBXResourcesBuildPhase section */

/* Begin PBXShellScriptBuildPhase section */
		2725D7A866D64E5777E743A1 /* [CP] Copy Pods Resources */ = {
			isa = PBXShellScriptBuildPhase;
			buildActionMask = 2147483647;
			files = (
			);
			inputPaths = (
			);
			name = "[CP] Copy Pods Resources";
			outputPaths = (
			);
			runOnlyForDeploymentPostprocessing = 0;
			shellPath = /bin/sh;
			shellScript = "\"${SRCROOT}/Pods/Target Support Files/Pods-Milestones/Pods-Milestones-resources.sh\"\n";
			showEnvVarsInLog = 0;
		};
		91BE957B5D478F24F2FB4ACD /* [CP] Embed Pods Frameworks */ = {
			isa = PBXShellScriptBuildPhase;
			buildActionMask = 2147483647;
			files = (
			);
			inputPaths = (
				"${SRCROOT}/Pods/Target Support Files/Pods-Milestones/Pods-Milestones-frameworks.sh",
				"${BUILT_PRODUCTS_DIR}/SKClient/SKClient.framework",
				"${BUILT_PRODUCTS_DIR}/SKCore/SKCore.framework",
				"${BUILT_PRODUCTS_DIR}/SKRTMAPI/SKRTMAPI.framework",
				"${BUILT_PRODUCTS_DIR}/SKServer/SKServer.framework",
				"${BUILT_PRODUCTS_DIR}/SKWebAPI/SKWebAPI.framework",
				"${BUILT_PRODUCTS_DIR}/SlackKit/SlackKit.framework",
				"${BUILT_PRODUCTS_DIR}/Starscream/Starscream.framework",
				"${BUILT_PRODUCTS_DIR}/Swifter/Swifter.framework",
			);
			name = "[CP] Embed Pods Frameworks";
			outputPaths = (
				"${TARGET_BUILD_DIR}/${FRAMEWORKS_FOLDER_PATH}/SKClient.framework",
				"${TARGET_BUILD_DIR}/${FRAMEWORKS_FOLDER_PATH}/SKCore.framework",
				"${TARGET_BUILD_DIR}/${FRAMEWORKS_FOLDER_PATH}/SKRTMAPI.framework",
				"${TARGET_BUILD_DIR}/${FRAMEWORKS_FOLDER_PATH}/SKServer.framework",
				"${TARGET_BUILD_DIR}/${FRAMEWORKS_FOLDER_PATH}/SKWebAPI.framework",
				"${TARGET_BUILD_DIR}/${FRAMEWORKS_FOLDER_PATH}/SlackKit.framework",
				"${TARGET_BUILD_DIR}/${FRAMEWORKS_FOLDER_PATH}/Starscream.framework",
				"${TARGET_BUILD_DIR}/${FRAMEWORKS_FOLDER_PATH}/Swifter.framework",
			);
			runOnlyForDeploymentPostprocessing = 0;
			shellPath = /bin/sh;
			shellScript = "\"${SRCROOT}/Pods/Target Support Files/Pods-Milestones/Pods-Milestones-frameworks.sh\"\n";
			showEnvVarsInLog = 0;
		};
		D820ECE8F4BE88810DB9C3AE /* [CP] Check Pods Manifest.lock */ = {
			isa = PBXShellScriptBuildPhase;
			buildActionMask = 2147483647;
			files = (
			);
			inputPaths = (
				"${PODS_PODFILE_DIR_PATH}/Podfile.lock",
				"${PODS_ROOT}/Manifest.lock",
			);
			name = "[CP] Check Pods Manifest.lock";
			outputPaths = (
				"$(DERIVED_FILE_DIR)/Pods-Milestones-checkManifestLockResult.txt",
			);
			runOnlyForDeploymentPostprocessing = 0;
			shellPath = /bin/sh;
			shellScript = "diff \"${PODS_PODFILE_DIR_PATH}/Podfile.lock\" \"${PODS_ROOT}/Manifest.lock\" > /dev/null\nif [ $? != 0 ] ; then\n    # print error to STDERR\n    echo \"error: The sandbox is not in sync with the Podfile.lock. Run 'pod install' or update your CocoaPods installation.\" >&2\n    exit 1\nfi\n# This output is used by Xcode 'outputs' to avoid re-running this script phase.\necho \"SUCCESS\" > \"${SCRIPT_OUTPUT_FILE_0}\"\n";
			showEnvVarsInLog = 0;
		};
/* End PBXShellScriptBuildPhase section */

/* Begin PBXSourcesBuildPhase section */
		AE9198F32022C33100642B29 /* Sources */ = {
			isa = PBXSourcesBuildPhase;
			buildActionMask = 2147483647;
			files = (
				AE9FC8912022CB5D008BA99B /* LoginViewController.swift in Sources */,
				AEE88DEE2041D3C50016D201 /* SlackUser.swift in Sources */,
				AEBAF34F202D32C80032D7AC /* MilestonesViewController.swift in Sources */,
				AEBAF34A202BF6080032D7AC /* Keys.swift in Sources */,
				AEBAF348202AC9680032D7AC /* UIColor.swift in Sources */,
				AE9198FB2022C33100642B29 /* AppDelegate.swift in Sources */,
			);
			runOnlyForDeploymentPostprocessing = 0;
		};
		AE9199072022C33100642B29 /* Sources */ = {
			isa = PBXSourcesBuildPhase;
			buildActionMask = 2147483647;
			files = (
				AE9199102022C33100642B29 /* MilestonesTests.swift in Sources */,
			);
			runOnlyForDeploymentPostprocessing = 0;
		};
		AE9199122022C33100642B29 /* Sources */ = {
			isa = PBXSourcesBuildPhase;
			buildActionMask = 2147483647;
			files = (
				AE91991B2022C33100642B29 /* MilestonesUITests.swift in Sources */,
			);
			runOnlyForDeploymentPostprocessing = 0;
		};
/* End PBXSourcesBuildPhase section */

/* Begin PBXTargetDependency section */
		AE91990D2022C33100642B29 /* PBXTargetDependency */ = {
			isa = PBXTargetDependency;
			target = AE9198F62022C33100642B29 /* Milestones */;
			targetProxy = AE91990C2022C33100642B29 /* PBXContainerItemProxy */;
		};
		AE9199182022C33100642B29 /* PBXTargetDependency */ = {
			isa = PBXTargetDependency;
			target = AE9198F62022C33100642B29 /* Milestones */;
			targetProxy = AE9199172022C33100642B29 /* PBXContainerItemProxy */;
		};
/* End PBXTargetDependency section */

/* Begin PBXVariantGroup section */
		AE9198FE2022C33100642B29 /* Main.storyboard */ = {
			isa = PBXVariantGroup;
			children = (
				AE9198FF2022C33100642B29 /* Base */,
			);
			name = Main.storyboard;
			sourceTree = "<group>";
		};
		AE9199032022C33100642B29 /* LaunchScreen.storyboard */ = {
			isa = PBXVariantGroup;
			children = (
				AE9199042022C33100642B29 /* Base */,
			);
			name = LaunchScreen.storyboard;
			sourceTree = "<group>";
		};
/* End PBXVariantGroup section */

/* Begin XCBuildConfiguration section */
		AE91991D2022C33100642B29 /* Debug */ = {
			isa = XCBuildConfiguration;
			buildSettings = {
				ALWAYS_SEARCH_USER_PATHS = NO;
				CLANG_ANALYZER_NONNULL = YES;
				CLANG_ANALYZER_NUMBER_OBJECT_CONVERSION = YES_AGGRESSIVE;
				CLANG_CXX_LANGUAGE_STANDARD = "gnu++14";
				CLANG_CXX_LIBRARY = "libc++";
				CLANG_ENABLE_MODULES = YES;
				CLANG_ENABLE_OBJC_ARC = YES;
				CLANG_WARN_BLOCK_CAPTURE_AUTORELEASING = YES;
				CLANG_WARN_BOOL_CONVERSION = YES;
				CLANG_WARN_COMMA = YES;
				CLANG_WARN_CONSTANT_CONVERSION = YES;
				CLANG_WARN_DIRECT_OBJC_ISA_USAGE = YES_ERROR;
				CLANG_WARN_DOCUMENTATION_COMMENTS = YES;
				CLANG_WARN_EMPTY_BODY = YES;
				CLANG_WARN_ENUM_CONVERSION = YES;
				CLANG_WARN_INFINITE_RECURSION = YES;
				CLANG_WARN_INT_CONVERSION = YES;
				CLANG_WARN_NON_LITERAL_NULL_CONVERSION = YES;
				CLANG_WARN_OBJC_LITERAL_CONVERSION = YES;
				CLANG_WARN_OBJC_ROOT_CLASS = YES_ERROR;
				CLANG_WARN_RANGE_LOOP_ANALYSIS = YES;
				CLANG_WARN_STRICT_PROTOTYPES = YES;
				CLANG_WARN_SUSPICIOUS_MOVE = YES;
				CLANG_WARN_UNGUARDED_AVAILABILITY = YES_AGGRESSIVE;
				CLANG_WARN_UNREACHABLE_CODE = YES;
				CLANG_WARN__DUPLICATE_METHOD_MATCH = YES;
				CODE_SIGN_IDENTITY = "iPhone Developer";
				COPY_PHASE_STRIP = NO;
				DEBUG_INFORMATION_FORMAT = dwarf;
				ENABLE_STRICT_OBJC_MSGSEND = YES;
				ENABLE_TESTABILITY = YES;
				GCC_C_LANGUAGE_STANDARD = gnu11;
				GCC_DYNAMIC_NO_PIC = NO;
				GCC_NO_COMMON_BLOCKS = YES;
				GCC_OPTIMIZATION_LEVEL = 0;
				GCC_PREPROCESSOR_DEFINITIONS = (
					"DEBUG=1",
					"$(inherited)",
				);
				GCC_WARN_64_TO_32_BIT_CONVERSION = YES;
				GCC_WARN_ABOUT_RETURN_TYPE = YES_ERROR;
				GCC_WARN_UNDECLARED_SELECTOR = YES;
				GCC_WARN_UNINITIALIZED_AUTOS = YES_AGGRESSIVE;
				GCC_WARN_UNUSED_FUNCTION = YES;
				GCC_WARN_UNUSED_VARIABLE = YES;
				IPHONEOS_DEPLOYMENT_TARGET = 11.2;
				MTL_ENABLE_DEBUG_INFO = YES;
				ONLY_ACTIVE_ARCH = YES;
				SDKROOT = iphoneos;
				SWIFT_ACTIVE_COMPILATION_CONDITIONS = DEBUG;
				SWIFT_OPTIMIZATION_LEVEL = "-Onone";
			};
			name = Debug;
		};
		AE91991E2022C33100642B29 /* Release */ = {
			isa = XCBuildConfiguration;
			buildSettings = {
				ALWAYS_SEARCH_USER_PATHS = NO;
				CLANG_ANALYZER_NONNULL = YES;
				CLANG_ANALYZER_NUMBER_OBJECT_CONVERSION = YES_AGGRESSIVE;
				CLANG_CXX_LANGUAGE_STANDARD = "gnu++14";
				CLANG_CXX_LIBRARY = "libc++";
				CLANG_ENABLE_MODULES = YES;
				CLANG_ENABLE_OBJC_ARC = YES;
				CLANG_WARN_BLOCK_CAPTURE_AUTORELEASING = YES;
				CLANG_WARN_BOOL_CONVERSION = YES;
				CLANG_WARN_COMMA = YES;
				CLANG_WARN_CONSTANT_CONVERSION = YES;
				CLANG_WARN_DIRECT_OBJC_ISA_USAGE = YES_ERROR;
				CLANG_WARN_DOCUMENTATION_COMMENTS = YES;
				CLANG_WARN_EMPTY_BODY = YES;
				CLANG_WARN_ENUM_CONVERSION = YES;
				CLANG_WARN_INFINITE_RECURSION = YES;
				CLANG_WARN_INT_CONVERSION = YES;
				CLANG_WARN_NON_LITERAL_NULL_CONVERSION = YES;
				CLANG_WARN_OBJC_LITERAL_CONVERSION = YES;
				CLANG_WARN_OBJC_ROOT_CLASS = YES_ERROR;
				CLANG_WARN_RANGE_LOOP_ANALYSIS = YES;
				CLANG_WARN_STRICT_PROTOTYPES = YES;
				CLANG_WARN_SUSPICIOUS_MOVE = YES;
				CLANG_WARN_UNGUARDED_AVAILABILITY = YES_AGGRESSIVE;
				CLANG_WARN_UNREACHABLE_CODE = YES;
				CLANG_WARN__DUPLICATE_METHOD_MATCH = YES;
				CODE_SIGN_IDENTITY = "iPhone Developer";
				COPY_PHASE_STRIP = NO;
				DEBUG_INFORMATION_FORMAT = "dwarf-with-dsym";
				ENABLE_NS_ASSERTIONS = NO;
				ENABLE_STRICT_OBJC_MSGSEND = YES;
				GCC_C_LANGUAGE_STANDARD = gnu11;
				GCC_NO_COMMON_BLOCKS = YES;
				GCC_WARN_64_TO_32_BIT_CONVERSION = YES;
				GCC_WARN_ABOUT_RETURN_TYPE = YES_ERROR;
				GCC_WARN_UNDECLARED_SELECTOR = YES;
				GCC_WARN_UNINITIALIZED_AUTOS = YES_AGGRESSIVE;
				GCC_WARN_UNUSED_FUNCTION = YES;
				GCC_WARN_UNUSED_VARIABLE = YES;
				IPHONEOS_DEPLOYMENT_TARGET = 11.2;
				MTL_ENABLE_DEBUG_INFO = NO;
				SDKROOT = iphoneos;
				SWIFT_OPTIMIZATION_LEVEL = "-Owholemodule";
				VALIDATE_PRODUCT = YES;
			};
			name = Release;
		};
		AE9199202022C33100642B29 /* Debug */ = {
			isa = XCBuildConfiguration;
			baseConfigurationReference = 3CACEB562ACD55484FC311E8 /* Pods-Milestones.debug.xcconfig */;
			buildSettings = {
				ASSETCATALOG_COMPILER_APPICON_NAME = AppIcon;
				CODE_SIGN_STYLE = Automatic;
				DEVELOPMENT_TEAM = 766MQFJY2G;
				INFOPLIST_FILE = Milestones/Info.plist;
				LD_RUNPATH_SEARCH_PATHS = "$(inherited) @executable_path/Frameworks";
				PRODUCT_BUNDLE_IDENTIFIER = me.heathermason.Milestones;
				PRODUCT_NAME = "$(TARGET_NAME)";
				SWIFT_SWIFT3_OBJC_INFERENCE = Default;
				SWIFT_VERSION = 4.0;
				TARGETED_DEVICE_FAMILY = "1,2";
			};
			name = Debug;
		};
		AE9199212022C33100642B29 /* Release */ = {
			isa = XCBuildConfiguration;
			baseConfigurationReference = 05508104462B3D992CA39B07 /* Pods-Milestones.release.xcconfig */;
			buildSettings = {
				ASSETCATALOG_COMPILER_APPICON_NAME = AppIcon;
				CODE_SIGN_STYLE = Automatic;
				DEVELOPMENT_TEAM = 766MQFJY2G;
				INFOPLIST_FILE = Milestones/Info.plist;
				LD_RUNPATH_SEARCH_PATHS = "$(inherited) @executable_path/Frameworks";
				PRODUCT_BUNDLE_IDENTIFIER = me.heathermason.Milestones;
				PRODUCT_NAME = "$(TARGET_NAME)";
				SWIFT_SWIFT3_OBJC_INFERENCE = Default;
				SWIFT_VERSION = 4.0;
				TARGETED_DEVICE_FAMILY = "1,2";
			};
			name = Release;
		};
		AE9199232022C33100642B29 /* Debug */ = {
			isa = XCBuildConfiguration;
			buildSettings = {
				ALWAYS_EMBED_SWIFT_STANDARD_LIBRARIES = YES;
				BUNDLE_LOADER = "$(TEST_HOST)";
				CODE_SIGN_STYLE = Automatic;
				DEVELOPMENT_TEAM = 766MQFJY2G;
				INFOPLIST_FILE = MilestonesTests/Info.plist;
				LD_RUNPATH_SEARCH_PATHS = "$(inherited) @executable_path/Frameworks @loader_path/Frameworks";
				PRODUCT_BUNDLE_IDENTIFIER = me.heathermason.MilestonesTests;
				PRODUCT_NAME = "$(TARGET_NAME)";
				SWIFT_VERSION = 4.0;
				TARGETED_DEVICE_FAMILY = "1,2";
				TEST_HOST = "$(BUILT_PRODUCTS_DIR)/Milestones.app/Milestones";
			};
			name = Debug;
		};
		AE9199242022C33100642B29 /* Release */ = {
			isa = XCBuildConfiguration;
			buildSettings = {
				ALWAYS_EMBED_SWIFT_STANDARD_LIBRARIES = YES;
				BUNDLE_LOADER = "$(TEST_HOST)";
				CODE_SIGN_STYLE = Automatic;
				DEVELOPMENT_TEAM = 766MQFJY2G;
				INFOPLIST_FILE = MilestonesTests/Info.plist;
				LD_RUNPATH_SEARCH_PATHS = "$(inherited) @executable_path/Frameworks @loader_path/Frameworks";
				PRODUCT_BUNDLE_IDENTIFIER = me.heathermason.MilestonesTests;
				PRODUCT_NAME = "$(TARGET_NAME)";
				SWIFT_VERSION = 4.0;
				TARGETED_DEVICE_FAMILY = "1,2";
				TEST_HOST = "$(BUILT_PRODUCTS_DIR)/Milestones.app/Milestones";
			};
			name = Release;
		};
		AE9199262022C33100642B29 /* Debug */ = {
			isa = XCBuildConfiguration;
			buildSettings = {
				ALWAYS_EMBED_SWIFT_STANDARD_LIBRARIES = YES;
				CODE_SIGN_STYLE = Automatic;
				DEVELOPMENT_TEAM = 766MQFJY2G;
				INFOPLIST_FILE = MilestonesUITests/Info.plist;
				LD_RUNPATH_SEARCH_PATHS = "$(inherited) @executable_path/Frameworks @loader_path/Frameworks";
				PRODUCT_BUNDLE_IDENTIFIER = me.heathermason.MilestonesUITests;
				PRODUCT_NAME = "$(TARGET_NAME)";
				SWIFT_VERSION = 4.0;
				TARGETED_DEVICE_FAMILY = "1,2";
				TEST_TARGET_NAME = Milestones;
			};
			name = Debug;
		};
		AE9199272022C33100642B29 /* Release */ = {
			isa = XCBuildConfiguration;
			buildSettings = {
				ALWAYS_EMBED_SWIFT_STANDARD_LIBRARIES = YES;
				CODE_SIGN_STYLE = Automatic;
				DEVELOPMENT_TEAM = 766MQFJY2G;
				INFOPLIST_FILE = MilestonesUITests/Info.plist;
				LD_RUNPATH_SEARCH_PATHS = "$(inherited) @executable_path/Frameworks @loader_path/Frameworks";
				PRODUCT_BUNDLE_IDENTIFIER = me.heathermason.MilestonesUITests;
				PRODUCT_NAME = "$(TARGET_NAME)";
				SWIFT_VERSION = 4.0;
				TARGETED_DEVICE_FAMILY = "1,2";
				TEST_TARGET_NAME = Milestones;
			};
			name = Release;
		};
/* End XCBuildConfiguration section */

/* Begin XCConfigurationList section */
		AE9198F22022C33100642B29 /* Build configuration list for PBXProject "Milestones" */ = {
			isa = XCConfigurationList;
			buildConfigurations = (
				AE91991D2022C33100642B29 /* Debug */,
				AE91991E2022C33100642B29 /* Release */,
			);
			defaultConfigurationIsVisible = 0;
			defaultConfigurationName = Release;
		};
		AE91991F2022C33100642B29 /* Build configuration list for PBXNativeTarget "Milestones" */ = {
			isa = XCConfigurationList;
			buildConfigurations = (
				AE9199202022C33100642B29 /* Debug */,
				AE9199212022C33100642B29 /* Release */,
			);
			defaultConfigurationIsVisible = 0;
			defaultConfigurationName = Release;
		};
		AE9199222022C33100642B29 /* Build configuration list for PBXNativeTarget "MilestonesTests" */ = {
			isa = XCConfigurationList;
			buildConfigurations = (
				AE9199232022C33100642B29 /* Debug */,
				AE9199242022C33100642B29 /* Release */,
			);
			defaultConfigurationIsVisible = 0;
			defaultConfigurationName = Release;
		};
		AE9199252022C33100642B29 /* Build configuration list for PBXNativeTarget "MilestonesUITests" */ = {
			isa = XCConfigurationList;
			buildConfigurations = (
				AE9199262022C33100642B29 /* Debug */,
				AE9199272022C33100642B29 /* Release */,
			);
			defaultConfigurationIsVisible = 0;
			defaultConfigurationName = Release;
		};
/* End XCConfigurationList section */
	};
	rootObject = AE9198EF2022C33100642B29 /* Project object */;
}
